
Microsoft Visual Studio Solution File, Format Version 12.00
# Visual Studio Version 16
VisualStudioVersion = 16.0.31729.503
MinimumVisualStudioVersion = 10.0.40219.1
Project("{FAE04EC0-301F-11D3-BF4B-00C04F79EFBC}") = "ZhaoXiEdu", "ZhaoXiEdu\ZhaoXiEdu.csproj", "{9931E7AE-382F-4AF9-ACC7-E7D8B060CD7D}"
EndProject
Global
	GlobalSection(SolutionConfigurationPlatforms) = preSolution
		Debug|Any CPU = Debug|Any CPU
		Release|Any CPU = Release|Any CPU
	EndGlobalSection
	GlobalSection(ProjectConfigurationPlatforms) = postSolution
		{9931E7AE-382F-4AF9-ACC7-E7D8B060CD7D}.Debug|Any CPU.ActiveCfg = Debug|Any CPU
		{9931E7AE-382F-4AF9-ACC7-E7D8B060CD7D}.Debug|Any CPU.Build.0 = Debug|Any CPU
		{9931E7AE-382F-4AF9-ACC7-E7D8B060CD7D}.Release|Any CPU.ActiveCfg = Release|Any CPU
		{9931E7AE-382F-4AF9-ACC7-E7D8B060CD7D}.Release|Any CPU.Build.0 = Release|Any CPU
	EndGlobalSection
	GlobalSection(SolutionProperties) = preSolution
		HideSolutionNode = FALSE
	EndGlobalSection
	GlobalSection(ExtensibilityGlobals) = postSolution
		SolutionGuid = {2F015A68-2F99-4F1E-843B-CEAC003C88CE}
	EndGlobalSection
EndGlobal
