
Microsoft Visual Studio Solution File, Format Version 12.00
# Visual Studio Version 16
VisualStudioVersion = 16.0.31729.503
MinimumVisualStudioVersion = 10.0.40219.1
Project("{9A19103F-16F7-4668-BE54-9A1E7A4F7556}") = "ZhaoXiEdu", "ZhaoXiEdu\ZhaoXiEdu.csproj", "{9931E7AE-382F-4AF9-ACC7-E7D8B060CD7D}"
EndProject
Project("{FAE04EC0-301F-11D3-BF4B-00C04F79EFBC}") = "1_界面布局", "1_界面布局\1_界面布局.csproj", "{06917567-51A4-479D-B001-3496A9A9CCE4}"
EndProject
Global
	GlobalSection(SolutionConfigurationPlatforms) = preSolution
		Debug|Any CPU = Debug|Any CPU
		Debug|x64 = Debug|x64
		Release|Any CPU = Release|Any CPU
		Release|x64 = Release|x64
	EndGlobalSection
	GlobalSection(ProjectConfigurationPlatforms) = postSolution
		{9931E7AE-382F-4AF9-ACC7-E7D8B060CD7D}.Debug|Any CPU.ActiveCfg = Debug|x64
		{9931E7AE-382F-4AF9-ACC7-E7D8B060CD7D}.Debug|Any CPU.Build.0 = Debug|x64
		{9931E7AE-382F-4AF9-ACC7-E7D8B060CD7D}.Debug|x64.ActiveCfg = Debug|x64
		{9931E7AE-382F-4AF9-ACC7-E7D8B060CD7D}.Debug|x64.Build.0 = Debug|x64
		{9931E7AE-382F-4AF9-ACC7-E7D8B060CD7D}.Release|Any CPU.ActiveCfg = Release|Any CPU
		{9931E7AE-382F-4AF9-ACC7-E7D8B060CD7D}.Release|Any CPU.Build.0 = Release|Any CPU
		{9931E7AE-382F-4AF9-ACC7-E7D8B060CD7D}.Release|x64.ActiveCfg = Release|x64
		{9931E7AE-382F-4AF9-ACC7-E7D8B060CD7D}.Release|x64.Build.0 = Release|x64
		{06917567-51A4-479D-B001-3496A9A9CCE4}.Debug|Any CPU.ActiveCfg = Debug|x64
		{06917567-51A4-479D-B001-3496A9A9CCE4}.Debug|Any CPU.Build.0 = Debug|x64
		{06917567-51A4-479D-B001-3496A9A9CCE4}.Debug|x64.ActiveCfg = Debug|x64
		{06917567-51A4-479D-B001-3496A9A9CCE4}.Debug|x64.Build.0 = Debug|x64
		{06917567-51A4-479D-B001-3496A9A9CCE4}.Release|Any CPU.ActiveCfg = Release|Any CPU
		{06917567-51A4-479D-B001-3496A9A9CCE4}.Release|Any CPU.Build.0 = Release|Any CPU
		{06917567-51A4-479D-B001-3496A9A9CCE4}.Release|x64.ActiveCfg = Release|x64
		{06917567-51A4-479D-B001-3496A9A9CCE4}.Release|x64.Build.0 = Release|x64
	EndGlobalSection
	GlobalSection(SolutionProperties) = preSolution
		HideSolutionNode = FALSE
	EndGlobalSection
	GlobalSection(ExtensibilityGlobals) = postSolution
		SolutionGuid = {2F015A68-2F99-4F1E-843B-CEAC003C88CE}
	EndGlobalSection
EndGlobal
